
Microsoft Visual Studio Solution File, Format Version 12.00
# Visual Studio 15
VisualStudioVersion = 15.0.27703.2026
MinimumVisualStudioVersion = 10.0.40219.1
Project("{2150E333-8FDC-42A3-9474-1A3956D46DE8}") = "01-Presentacion", "01-Presentacion", "{EA7FAE26-B93D-4D99-991C-80937A8F6BC4}"
EndProject
Project("{2150E333-8FDC-42A3-9474-1A3956D46DE8}") = "02-Aplicacion", "02-Aplicacion", "{E25743BA-0BA1-4253-91B4-C19B771C5417}"
EndProject
Project("{2150E333-8FDC-42A3-9474-1A3956D46DE8}") = "03-Servicio", "03-Servicio", "{6BA349D9-A639-4FF3-A4A8-6D0B5021112B}"
EndProject
Project("{2150E333-8FDC-42A3-9474-1A3956D46DE8}") = "04-Dominio", "04-Dominio", "{65B69679-252A-4545-AC6C-F93D04190C56}"
EndProject
Project("{2150E333-8FDC-42A3-9474-1A3956D46DE8}") = "05-Infraestructura", "05-Infraestructura", "{C7EB039D-6933-4EC6-B970-AEEC56A0C3CB}"
EndProject
Project("{FAE04EC0-301F-11D3-BF4B-00C04F79EFBC}") = "EM.Infraestructura.Context", "EM.Infraestructura.Context\EM.Infraestructura.Context.csproj", "{4C0EE280-988D-48D4-B88D-06CF7B5B63D5}"
EndProject
Project("{FAE04EC0-301F-11D3-BF4B-00C04F79EFBC}") = "EM.Infraestructura.Repositorio", "EM.Infraestructura.Repositorio\EM.Infraestructura.Repositorio.csproj", "{9029949F-884A-45EC-AEC1-58B70D6FFD49}"
EndProject
Project("{FAE04EC0-301F-11D3-BF4B-00C04F79EFBC}") = "EM.Repositorio", "EM.Repositorio\EM.Repositorio.csproj", "{C1E4D210-58DE-4577-8630-345C739D21DE}"
EndProject
Project("{FAE04EC0-301F-11D3-BF4B-00C04F79EFBC}") = "EM.Aplicacion.ConnectionString", "EM.Aplicacion.ConnectionString\EM.Aplicacion.ConnectionString.csproj", "{1435F466-03BD-4F42-804C-2844B74EA1E1}"
EndProject
Project("{FAE04EC0-301F-11D3-BF4B-00C04F79EFBC}") = "EM.IServicio", "EM.IServicio\EM.IServicio.csproj", "{2CA016EA-30C7-417D-AEC5-0F69C8F6F2B6}"
EndProject
Project("{FAE04EC0-301F-11D3-BF4B-00C04F79EFBC}") = "EM.Servicio", "EM.Servicio\EM.Servicio.csproj", "{1C234457-F4C8-4DAD-890A-1278746FD851}"
EndProject
Project("{FAE04EC0-301F-11D3-BF4B-00C04F79EFBC}") = "EM.Servicio.Base", "EM.Servicio.Base\EM.Servicio.Base.csproj", "{EAB1FBD5-3CE3-475F-A69E-3980999ABD37}"
EndProject
Project("{FAE04EC0-301F-11D3-BF4B-00C04F79EFBC}") = "EM.Dominio.Base", "EM.Dominio.Base\EM.Dominio.Base.csproj", "{020EBAD6-48AD-4F6B-B619-4601B24D05B4}"
EndProject
Project("{FAE04EC0-301F-11D3-BF4B-00C04F79EFBC}") = "EM.Dominio.Entity", "EM.Dominio.Entity\EM.Dominio.Entity.csproj", "{DF2F79D9-549C-47FC-8612-77AF49F025F2}"
EndProject
Project("{FAE04EC0-301F-11D3-BF4B-00C04F79EFBC}") = "EM.Repositorio.Base", "EM.Repositorio.Base\EM.Repositorio.Base.csproj", "{9D3C56B6-9294-4C05-AB2A-E3FB6F485269}"
EndProject
Project("{FAE04EC0-301F-11D3-BF4B-00C04F79EFBC}") = "EM.Dominio.Repositorio", "EM.Dominio.Repositorio\EM.Dominio.Repositorio.csproj", "{66016ABD-B3D0-43EF-BF22-6B864040B4FD}"
EndProject
Project("{FAE04EC0-301F-11D3-BF4B-00C04F79EFBC}") = "EM.ServicioTest", "EM.ServicioTest\EM.ServicioTest.csproj", "{D3CFC5EC-E13F-4B2E-B4D9-1F49BA522C95}"
EndProject
Project("{FAE04EC0-301F-11D3-BF4B-00C04F79EFBC}") = "EM.Presentacion.WebAPI", "EM.Presentacion.WebAPI\EM.Presentacion.WebAPI.csproj", "{57A25FA2-3DCD-450D-8BC3-25ECB38D7B2E}"
EndProject
Global
	GlobalSection(SolutionConfigurationPlatforms) = preSolution
		Debug|Any CPU = Debug|Any CPU
		Release|Any CPU = Release|Any CPU
	EndGlobalSection
	GlobalSection(ProjectConfigurationPlatforms) = postSolution
		{4C0EE280-988D-48D4-B88D-06CF7B5B63D5}.Debug|Any CPU.ActiveCfg = Debug|Any CPU
		{4C0EE280-988D-48D4-B88D-06CF7B5B63D5}.Debug|Any CPU.Build.0 = Debug|Any CPU
		{4C0EE280-988D-48D4-B88D-06CF7B5B63D5}.Release|Any CPU.ActiveCfg = Release|Any CPU
		{4C0EE280-988D-48D4-B88D-06CF7B5B63D5}.Release|Any CPU.Build.0 = Release|Any CPU
		{9029949F-884A-45EC-AEC1-58B70D6FFD49}.Debug|Any CPU.ActiveCfg = Debug|Any CPU
		{9029949F-884A-45EC-AEC1-58B70D6FFD49}.Debug|Any CPU.Build.0 = Debug|Any CPU
		{9029949F-884A-45EC-AEC1-58B70D6FFD49}.Release|Any CPU.ActiveCfg = Release|Any CPU
		{9029949F-884A-45EC-AEC1-58B70D6FFD49}.Release|Any CPU.Build.0 = Release|Any CPU
		{C1E4D210-58DE-4577-8630-345C739D21DE}.Debug|Any CPU.ActiveCfg = Debug|Any CPU
		{C1E4D210-58DE-4577-8630-345C739D21DE}.Debug|Any CPU.Build.0 = Debug|Any CPU
		{C1E4D210-58DE-4577-8630-345C739D21DE}.Release|Any CPU.ActiveCfg = Release|Any CPU
		{C1E4D210-58DE-4577-8630-345C739D21DE}.Release|Any CPU.Build.0 = Release|Any CPU
		{1435F466-03BD-4F42-804C-2844B74EA1E1}.Debug|Any CPU.ActiveCfg = Debug|Any CPU
		{1435F466-03BD-4F42-804C-2844B74EA1E1}.Debug|Any CPU.Build.0 = Debug|Any CPU
		{1435F466-03BD-4F42-804C-2844B74EA1E1}.Release|Any CPU.ActiveCfg = Release|Any CPU
		{1435F466-03BD-4F42-804C-2844B74EA1E1}.Release|Any CPU.Build.0 = Release|Any CPU
		{2CA016EA-30C7-417D-AEC5-0F69C8F6F2B6}.Debug|Any CPU.ActiveCfg = Debug|Any CPU
		{2CA016EA-30C7-417D-AEC5-0F69C8F6F2B6}.Debug|Any CPU.Build.0 = Debug|Any CPU
		{2CA016EA-30C7-417D-AEC5-0F69C8F6F2B6}.Release|Any CPU.ActiveCfg = Release|Any CPU
		{2CA016EA-30C7-417D-AEC5-0F69C8F6F2B6}.Release|Any CPU.Build.0 = Release|Any CPU
		{1C234457-F4C8-4DAD-890A-1278746FD851}.Debug|Any CPU.ActiveCfg = Debug|Any CPU
		{1C234457-F4C8-4DAD-890A-1278746FD851}.Debug|Any CPU.Build.0 = Debug|Any CPU
		{1C234457-F4C8-4DAD-890A-1278746FD851}.Release|Any CPU.ActiveCfg = Release|Any CPU
		{1C234457-F4C8-4DAD-890A-1278746FD851}.Release|Any CPU.Build.0 = Release|Any CPU
		{EAB1FBD5-3CE3-475F-A69E-3980999ABD37}.Debug|Any CPU.ActiveCfg = Debug|Any CPU
		{EAB1FBD5-3CE3-475F-A69E-3980999ABD37}.Debug|Any CPU.Build.0 = Debug|Any CPU
		{EAB1FBD5-3CE3-475F-A69E-3980999ABD37}.Release|Any CPU.ActiveCfg = Release|Any CPU
		{EAB1FBD5-3CE3-475F-A69E-3980999ABD37}.Release|Any CPU.Build.0 = Release|Any CPU
		{020EBAD6-48AD-4F6B-B619-4601B24D05B4}.Debug|Any CPU.ActiveCfg = Debug|Any CPU
		{020EBAD6-48AD-4F6B-B619-4601B24D05B4}.Debug|Any CPU.Build.0 = Debug|Any CPU
		{020EBAD6-48AD-4F6B-B619-4601B24D05B4}.Release|Any CPU.ActiveCfg = Release|Any CPU
		{020EBAD6-48AD-4F6B-B619-4601B24D05B4}.Release|Any CPU.Build.0 = Release|Any CPU
		{DF2F79D9-549C-47FC-8612-77AF49F025F2}.Debug|Any CPU.ActiveCfg = Debug|Any CPU
		{DF2F79D9-549C-47FC-8612-77AF49F025F2}.Debug|Any CPU.Build.0 = Debug|Any CPU
		{DF2F79D9-549C-47FC-8612-77AF49F025F2}.Release|Any CPU.ActiveCfg = Release|Any CPU
		{DF2F79D9-549C-47FC-8612-77AF49F025F2}.Release|Any CPU.Build.0 = Release|Any CPU
		{9D3C56B6-9294-4C05-AB2A-E3FB6F485269}.Debug|Any CPU.ActiveCfg = Debug|Any CPU
		{9D3C56B6-9294-4C05-AB2A-E3FB6F485269}.Debug|Any CPU.Build.0 = Debug|Any CPU
		{9D3C56B6-9294-4C05-AB2A-E3FB6F485269}.Release|Any CPU.ActiveCfg = Release|Any CPU
		{9D3C56B6-9294-4C05-AB2A-E3FB6F485269}.Release|Any CPU.Build.0 = Release|Any CPU
		{66016ABD-B3D0-43EF-BF22-6B864040B4FD}.Debug|Any CPU.ActiveCfg = Debug|Any CPU
		{66016ABD-B3D0-43EF-BF22-6B864040B4FD}.Debug|Any CPU.Build.0 = Debug|Any CPU
		{66016ABD-B3D0-43EF-BF22-6B864040B4FD}.Release|Any CPU.ActiveCfg = Release|Any CPU
		{66016ABD-B3D0-43EF-BF22-6B864040B4FD}.Release|Any CPU.Build.0 = Release|Any CPU
		{D3CFC5EC-E13F-4B2E-B4D9-1F49BA522C95}.Debug|Any CPU.ActiveCfg = Debug|Any CPU
		{D3CFC5EC-E13F-4B2E-B4D9-1F49BA522C95}.Debug|Any CPU.Build.0 = Debug|Any CPU
		{D3CFC5EC-E13F-4B2E-B4D9-1F49BA522C95}.Release|Any CPU.ActiveCfg = Release|Any CPU
		{D3CFC5EC-E13F-4B2E-B4D9-1F49BA522C95}.Release|Any CPU.Build.0 = Release|Any CPU
		{57A25FA2-3DCD-450D-8BC3-25ECB38D7B2E}.Debug|Any CPU.ActiveCfg = Debug|Any CPU
		{57A25FA2-3DCD-450D-8BC3-25ECB38D7B2E}.Debug|Any CPU.Build.0 = Debug|Any CPU
		{57A25FA2-3DCD-450D-8BC3-25ECB38D7B2E}.Release|Any CPU.ActiveCfg = Release|Any CPU
		{57A25FA2-3DCD-450D-8BC3-25ECB38D7B2E}.Release|Any CPU.Build.0 = Release|Any CPU
	EndGlobalSection
	GlobalSection(SolutionProperties) = preSolution
		HideSolutionNode = FALSE
	EndGlobalSection
	GlobalSection(NestedProjects) = preSolution
		{4C0EE280-988D-48D4-B88D-06CF7B5B63D5} = {C7EB039D-6933-4EC6-B970-AEEC56A0C3CB}
		{9029949F-884A-45EC-AEC1-58B70D6FFD49} = {C7EB039D-6933-4EC6-B970-AEEC56A0C3CB}
		{C1E4D210-58DE-4577-8630-345C739D21DE} = {C7EB039D-6933-4EC6-B970-AEEC56A0C3CB}
		{1435F466-03BD-4F42-804C-2844B74EA1E1} = {E25743BA-0BA1-4253-91B4-C19B771C5417}
		{2CA016EA-30C7-417D-AEC5-0F69C8F6F2B6} = {6BA349D9-A639-4FF3-A4A8-6D0B5021112B}
		{1C234457-F4C8-4DAD-890A-1278746FD851} = {6BA349D9-A639-4FF3-A4A8-6D0B5021112B}
		{EAB1FBD5-3CE3-475F-A69E-3980999ABD37} = {6BA349D9-A639-4FF3-A4A8-6D0B5021112B}
		{020EBAD6-48AD-4F6B-B619-4601B24D05B4} = {65B69679-252A-4545-AC6C-F93D04190C56}
		{DF2F79D9-549C-47FC-8612-77AF49F025F2} = {65B69679-252A-4545-AC6C-F93D04190C56}
		{9D3C56B6-9294-4C05-AB2A-E3FB6F485269} = {65B69679-252A-4545-AC6C-F93D04190C56}
		{66016ABD-B3D0-43EF-BF22-6B864040B4FD} = {65B69679-252A-4545-AC6C-F93D04190C56}
		{D3CFC5EC-E13F-4B2E-B4D9-1F49BA522C95} = {6BA349D9-A639-4FF3-A4A8-6D0B5021112B}
		{57A25FA2-3DCD-450D-8BC3-25ECB38D7B2E} = {EA7FAE26-B93D-4D99-991C-80937A8F6BC4}
	EndGlobalSection
	GlobalSection(ExtensibilityGlobals) = postSolution
		SolutionGuid = {B453A64E-07DF-426A-957A-B948571BB94A}
	EndGlobalSection
EndGlobal
